
Microsoft Visual Studio Solution File, Format Version 12.00
# Visual Studio Version 17
VisualStudioVersion = 17.6.33723.286
MinimumVisualStudioVersion = 10.0.40219.1
Project("{2150E333-8FDC-42A3-9474-1A3956D46DE8}") = "src", "src", "{3A765362-5432-4FD8-BB6C-3525FC99C3D1}"
EndProject
Project("{2150E333-8FDC-42A3-9474-1A3956D46DE8}") = "0 - Building Blocks", "0 - Building Blocks", "{BDA8C4F8-CB89-4E74-8DB0-4EA0B843B2DA}"
EndProject
Project("{2150E333-8FDC-42A3-9474-1A3956D46DE8}") = "1 - Presentation", "1 - Presentation", "{4046B4BF-FA65-49F6-942A-80484D53FBA1}"
EndProject
Project("{2150E333-8FDC-42A3-9474-1A3956D46DE8}") = "2 - Services", "2 - Services", "{4E5D6871-EA50-44C8-B08E-4B8BA4599606}"
EndProject
Project("{2150E333-8FDC-42A3-9474-1A3956D46DE8}") = "3 - Application", "3 - Application", "{FB5A0F2B-36C0-48AB-9A4D-0692A0A9A546}"
EndProject
Project("{2150E333-8FDC-42A3-9474-1A3956D46DE8}") = "4 - Domain", "4 - Domain", "{DAC466A8-E945-4C14-B70E-19DAEC1E686B}"
EndProject
Project("{2150E333-8FDC-42A3-9474-1A3956D46DE8}") = "5 - Infra", "5 - Infra", "{EB1DD14D-18A3-4EF0-8B5E-28C8358605CA}"
EndProject
Project("{2150E333-8FDC-42A3-9474-1A3956D46DE8}") = "6 - Test", "6 - Test", "{DFAD14AD-C2F2-4F33-B67B-FDF144D8D81B}"
EndProject
Project("{9A19103F-16F7-4668-BE54-9A1E7A4F7556}") = "Senac.eShop.Core", "src\Senac.eShop.Core\Senac.eShop.Core.csproj", "{FB166D63-B2F0-48BA-94C3-0FEA2C107F35}"
EndProject
Project("{9A19103F-16F7-4668-BE54-9A1E7A4F7556}") = "Senac.eShop.Application", "src\Senac.eShop.Application\Senac.eShop.Application.csproj", "{4017E9C1-11BF-41B0-AE19-29EB35789DBF}"
EndProject
Project("{9A19103F-16F7-4668-BE54-9A1E7A4F7556}") = "Senac.eShop.Domain", "src\Senac.eShop.Domain\Senac.eShop.Domain.csproj", "{8E84FA04-B416-4DA5-880A-6B9C0B1A6828}"
EndProject
Project("{9A19103F-16F7-4668-BE54-9A1E7A4F7556}") = "Senac.eShop.Domain.Shared", "src\Senac.eShop.Domain.Shared\Senac.eShop.Domain.Shared.csproj", "{18EF58B4-4EE5-42C9-BFCC-F388D7EC8642}"
EndProject
Project("{9A19103F-16F7-4668-BE54-9A1E7A4F7556}") = "Senac.eShop.Infra.CrossCutting.IoC", "src\Senac.eShop.Infra.CrossCutting.IoC\Senac.eShop.Infra.CrossCutting.IoC.csproj", "{3B1D4D06-B7F3-4F61-BC7B-B28CDCFF097B}"
EndProject
Project("{9A19103F-16F7-4668-BE54-9A1E7A4F7556}") = "Senac.eShop.Infra.Data", "src\Senac.eShop.Infra.Data\Senac.eShop.Infra.Data.csproj", "{D71E7DDA-DAC5-44D6-8DD6-0BF297C8EF8B}"
EndProject
Project("{9A19103F-16F7-4668-BE54-9A1E7A4F7556}") = "Senac.eShop.API", "src\Senac.eShop.API\Senac.eShop.API.csproj", "{873B258D-2BEE-4277-9385-37BF3497319B}"
EndProject
Project("{FAE04EC0-301F-11D3-BF4B-00C04F79EFBC}") = "Senac.eShop.Infra.Identity", "src\Senac.eShop.Infra.Identity\Senac.eShop.Infra.Identity.csproj", "{FB5A543A-6CD6-4579-8A72-C72906FB8109}"
EndProject
Project("{FAE04EC0-301F-11D3-BF4B-00C04F79EFBC}") = "Senac.eShop.Web", "src\Senac.eShop.Web\Senac.eShop.Web.csproj", "{70B48CE3-785B-4CF5-BE79-774C67C211E5}"
EndProject
Global
	GlobalSection(SolutionConfigurationPlatforms) = preSolution
		Debug|Any CPU = Debug|Any CPU
		Release|Any CPU = Release|Any CPU
	EndGlobalSection
	GlobalSection(ProjectConfigurationPlatforms) = postSolution
		{FB166D63-B2F0-48BA-94C3-0FEA2C107F35}.Debug|Any CPU.ActiveCfg = Debug|Any CPU
		{FB166D63-B2F0-48BA-94C3-0FEA2C107F35}.Debug|Any CPU.Build.0 = Debug|Any CPU
		{FB166D63-B2F0-48BA-94C3-0FEA2C107F35}.Release|Any CPU.ActiveCfg = Release|Any CPU
		{FB166D63-B2F0-48BA-94C3-0FEA2C107F35}.Release|Any CPU.Build.0 = Release|Any CPU
		{4017E9C1-11BF-41B0-AE19-29EB35789DBF}.Debug|Any CPU.ActiveCfg = Debug|Any CPU
		{4017E9C1-11BF-41B0-AE19-29EB35789DBF}.Debug|Any CPU.Build.0 = Debug|Any CPU
		{4017E9C1-11BF-41B0-AE19-29EB35789DBF}.Release|Any CPU.ActiveCfg = Release|Any CPU
		{4017E9C1-11BF-41B0-AE19-29EB35789DBF}.Release|Any CPU.Build.0 = Release|Any CPU
		{8E84FA04-B416-4DA5-880A-6B9C0B1A6828}.Debug|Any CPU.ActiveCfg = Debug|Any CPU
		{8E84FA04-B416-4DA5-880A-6B9C0B1A6828}.Debug|Any CPU.Build.0 = Debug|Any CPU
		{8E84FA04-B416-4DA5-880A-6B9C0B1A6828}.Release|Any CPU.ActiveCfg = Release|Any CPU
		{8E84FA04-B416-4DA5-880A-6B9C0B1A6828}.Release|Any CPU.Build.0 = Release|Any CPU
		{18EF58B4-4EE5-42C9-BFCC-F388D7EC8642}.Debug|Any CPU.ActiveCfg = Debug|Any CPU
		{18EF58B4-4EE5-42C9-BFCC-F388D7EC8642}.Debug|Any CPU.Build.0 = Debug|Any CPU
		{18EF58B4-4EE5-42C9-BFCC-F388D7EC8642}.Release|Any CPU.ActiveCfg = Release|Any CPU
		{18EF58B4-4EE5-42C9-BFCC-F388D7EC8642}.Release|Any CPU.Build.0 = Release|Any CPU
		{3B1D4D06-B7F3-4F61-BC7B-B28CDCFF097B}.Debug|Any CPU.ActiveCfg = Debug|Any CPU
		{3B1D4D06-B7F3-4F61-BC7B-B28CDCFF097B}.Debug|Any CPU.Build.0 = Debug|Any CPU
		{3B1D4D06-B7F3-4F61-BC7B-B28CDCFF097B}.Release|Any CPU.ActiveCfg = Release|Any CPU
		{3B1D4D06-B7F3-4F61-BC7B-B28CDCFF097B}.Release|Any CPU.Build.0 = Release|Any CPU
		{D71E7DDA-DAC5-44D6-8DD6-0BF297C8EF8B}.Debug|Any CPU.ActiveCfg = Debug|Any CPU
		{D71E7DDA-DAC5-44D6-8DD6-0BF297C8EF8B}.Debug|Any CPU.Build.0 = Debug|Any CPU
		{D71E7DDA-DAC5-44D6-8DD6-0BF297C8EF8B}.Release|Any CPU.ActiveCfg = Release|Any CPU
		{D71E7DDA-DAC5-44D6-8DD6-0BF297C8EF8B}.Release|Any CPU.Build.0 = Release|Any CPU
		{873B258D-2BEE-4277-9385-37BF3497319B}.Debug|Any CPU.ActiveCfg = Debug|Any CPU
		{873B258D-2BEE-4277-9385-37BF3497319B}.Debug|Any CPU.Build.0 = Debug|Any CPU
		{873B258D-2BEE-4277-9385-37BF3497319B}.Release|Any CPU.ActiveCfg = Release|Any CPU
		{873B258D-2BEE-4277-9385-37BF3497319B}.Release|Any CPU.Build.0 = Release|Any CPU
		{FB5A543A-6CD6-4579-8A72-C72906FB8109}.Debug|Any CPU.ActiveCfg = Debug|Any CPU
		{FB5A543A-6CD6-4579-8A72-C72906FB8109}.Debug|Any CPU.Build.0 = Debug|Any CPU
		{FB5A543A-6CD6-4579-8A72-C72906FB8109}.Release|Any CPU.ActiveCfg = Release|Any CPU
		{FB5A543A-6CD6-4579-8A72-C72906FB8109}.Release|Any CPU.Build.0 = Release|Any CPU
		{70B48CE3-785B-4CF5-BE79-774C67C211E5}.Debug|Any CPU.ActiveCfg = Debug|Any CPU
		{70B48CE3-785B-4CF5-BE79-774C67C211E5}.Debug|Any CPU.Build.0 = Debug|Any CPU
		{70B48CE3-785B-4CF5-BE79-774C67C211E5}.Release|Any CPU.ActiveCfg = Release|Any CPU
		{70B48CE3-785B-4CF5-BE79-774C67C211E5}.Release|Any CPU.Build.0 = Release|Any CPU
	EndGlobalSection
	GlobalSection(SolutionProperties) = preSolution
		HideSolutionNode = FALSE
	EndGlobalSection
	GlobalSection(NestedProjects) = preSolution
		{BDA8C4F8-CB89-4E74-8DB0-4EA0B843B2DA} = {3A765362-5432-4FD8-BB6C-3525FC99C3D1}
		{4046B4BF-FA65-49F6-942A-80484D53FBA1} = {3A765362-5432-4FD8-BB6C-3525FC99C3D1}
		{4E5D6871-EA50-44C8-B08E-4B8BA4599606} = {3A765362-5432-4FD8-BB6C-3525FC99C3D1}
		{FB5A0F2B-36C0-48AB-9A4D-0692A0A9A546} = {3A765362-5432-4FD8-BB6C-3525FC99C3D1}
		{DAC466A8-E945-4C14-B70E-19DAEC1E686B} = {3A765362-5432-4FD8-BB6C-3525FC99C3D1}
		{EB1DD14D-18A3-4EF0-8B5E-28C8358605CA} = {3A765362-5432-4FD8-BB6C-3525FC99C3D1}
		{DFAD14AD-C2F2-4F33-B67B-FDF144D8D81B} = {3A765362-5432-4FD8-BB6C-3525FC99C3D1}
		{FB166D63-B2F0-48BA-94C3-0FEA2C107F35} = {BDA8C4F8-CB89-4E74-8DB0-4EA0B843B2DA}
		{4017E9C1-11BF-41B0-AE19-29EB35789DBF} = {FB5A0F2B-36C0-48AB-9A4D-0692A0A9A546}
		{8E84FA04-B416-4DA5-880A-6B9C0B1A6828} = {DAC466A8-E945-4C14-B70E-19DAEC1E686B}
		{18EF58B4-4EE5-42C9-BFCC-F388D7EC8642} = {DAC466A8-E945-4C14-B70E-19DAEC1E686B}
		{3B1D4D06-B7F3-4F61-BC7B-B28CDCFF097B} = {EB1DD14D-18A3-4EF0-8B5E-28C8358605CA}
		{D71E7DDA-DAC5-44D6-8DD6-0BF297C8EF8B} = {EB1DD14D-18A3-4EF0-8B5E-28C8358605CA}
		{873B258D-2BEE-4277-9385-37BF3497319B} = {4E5D6871-EA50-44C8-B08E-4B8BA4599606}
		{FB5A543A-6CD6-4579-8A72-C72906FB8109} = {EB1DD14D-18A3-4EF0-8B5E-28C8358605CA}
		{70B48CE3-785B-4CF5-BE79-774C67C211E5} = {4046B4BF-FA65-49F6-942A-80484D53FBA1}
	EndGlobalSection
	GlobalSection(ExtensibilityGlobals) = postSolution
		SolutionGuid = {719F8FAD-9D07-4797-BCC7-E7525A7F6645}
	EndGlobalSection
EndGlobal
